
Microsoft Visual Studio Solution File, Format Version 12.00
# Visual Studio 2012
Project("{FAE04EC0-301F-11D3-BF4B-00C04F79EFBC}") = "GtkSharpExtensions", "GtkSharpExtensions\GtkSharpExtensions.csproj", "{6F2D1F2D-FC6E-4025-81F4-9F5D5CDF3C4F}"
EndProject
Project("{FAE04EC0-301F-11D3-BF4B-00C04F79EFBC}") = "libGtkSharpExtensions", "libGtkSharpExtensions\libGtkSharpExtensions.csproj", "{401A4A6B-DEA9-4AAA-BFAA-F1FCE16CAFA8}"
EndProject
Global
	GlobalSection(SolutionConfigurationPlatforms) = preSolution
		Debug|x86 = Debug|x86
		Release|x86 = Release|x86
	EndGlobalSection
	GlobalSection(ProjectConfigurationPlatforms) = postSolution
		{401A4A6B-DEA9-4AAA-BFAA-F1FCE16CAFA8}.Debug|x86.ActiveCfg = Debug|Any CPU
		{401A4A6B-DEA9-4AAA-BFAA-F1FCE16CAFA8}.Debug|x86.Build.0 = Debug|Any CPU
		{401A4A6B-DEA9-4AAA-BFAA-F1FCE16CAFA8}.Release|x86.ActiveCfg = Release|Any CPU
		{401A4A6B-DEA9-4AAA-BFAA-F1FCE16CAFA8}.Release|x86.Build.0 = Release|Any CPU
		{6F2D1F2D-FC6E-4025-81F4-9F5D5CDF3C4F}.Debug|x86.ActiveCfg = Debug|x86
		{6F2D1F2D-FC6E-4025-81F4-9F5D5CDF3C4F}.Debug|x86.Build.0 = Debug|x86
		{6F2D1F2D-FC6E-4025-81F4-9F5D5CDF3C4F}.Release|x86.ActiveCfg = Release|x86
		{6F2D1F2D-FC6E-4025-81F4-9F5D5CDF3C4F}.Release|x86.Build.0 = Release|x86
	EndGlobalSection
EndGlobal
